github.com/coreos/go-oidc v2.5.0+incompatible h1:6W0vGJR3Tu0r0PwfmjOrRZSlfxeEln8dsejt3ZWIvwo=
github.com/coreos/go-oidc v2.5.0+incompatible/go.mod h1:CgnwVTmzoESiwO9qyAFEMiHoZ1nMCKZlZ9V6mm3/LKc=
github.com/davecgh/go-spew v1.1.0/go.mod h1:J7Y8YcW2NihsgmVo/mv3lAwl/skON4iLHjSsI+c5H38=
github.com/go-jose/go-jose/v4 v4.1.4 h1:moDMcTHmvE6Groj34emNPLs/qtYXRVcd6S7NHbHz3kA=
github.com/go-jose/go-jose/v4 v4.1.4/go.mod h1:x4oUasVrzR7071A4TnHLGSPpNOm2a21K9Kf04k1rs08=
github.com/google/go-cmp v0.7.0 h1:wk8382ETsv4JYUZwIsn6YpYiWiBsYLSJiTsyBybVuN8=
github.com/google/go-cmp v0.7.0/go.mod h1:pXiqmnSA92OHEEa9HXL2W4E7lf9JzCmGVUdgjX3N/iU=
github.com/gravitational/trace v1.5.4 h1:nMmF7alwvNiQJhC817Hhmgm95bzKOXbnxvkickTkRDY=
github.com/gravitational/trace v1.5.4/go.mod h1:/uCbC3ukVU8Pdrh8+3vNLyyE1aGheBWpGGrMnwIK80E=
github.com/pmezard/go-difflib v1.0.0/go.mod h1:iKH77koFhYxTK1pcRnkKkqfTogsbg7gZNVY4sRDYZ/4=
github.com/pquerna/cachecontrol v0.2.0 h1:vBXSNuE5MYP9IJ5kjsdo8uq+w41jSPgvba2DEnkRx9k=
github.com/pquerna/cachecontrol v0.2.0/go.mod h1:NrUG3Z7Rdu85UNR3vm7SOsl1nFIeSiQnrHV5K9mBcUI=
github.com/sirupsen/logrus v1.10.1 h1:xi4336Zh11WpU14fXR6I67V3yaTPQYwRx2WEtHbRg4Q=
github.com/sirupsen/logrus v1.10.1/go.mod h1:vsQHnG7xzNsxk3NrwboUiWPnIC3dmbjcGPykD7+tiHk=
github.com/stretchr/objx v0.1.0/go.mod h1:HFkY916IF+rwdDfMAkV7OtwuqBVzrE8GR6GFx+wExME=
github.com/stretchr/testify v1.6.1/go.mod h1:6Fq8oRcR53rry900zMqJjRRixrwX3KX962/h/Wwjteg=
github.com/stretchr/testify v1.12.1 h1:EuwCh5fleGS7H32xRwO3wRGT7DxrDhLAT6FF8MpWDWE=
github.com/stretchr/testify v1.12.1/go.mod h1:MDEgiDPPsNp5cuIrHPPCyornHKgEVbtFUmoNlxoYthg=
github.com/thomseddon/go-flags v1.4.1-0.20190507184247-a3629c504486 h1:hk17f4niAl4e6viTj2uf/fpfACa6QPmrtMDAo+1tifE=
github.com/thomseddon/go-flags v1.4.1-0.20190507184247-a3629c504486/go.mod h1:NK9eZpNBmSKVxvyB/MExg6jW0Bo9hQyAuCP+b8MJFow=
github.com/traefik/traefik/v3 v3.7.13 h1:T8wy9KuaFzCkmXCqAzDy7t73pBDR1DHrJe3pqXpNXTw=
github.com/traefik/traefik/v3 v3.7.13/go.mod h1:RIJcuOCl/lLqKYD+/xCumBVYo64GUSqONYVaRNgVCw0=
github.com/vulcand/predicate v1.3.0 h1:jtNe4PHbLJ649dR7Gl+MSAzUhLGtLspAkWlSjoOiXg8=
github.com/vulcand/predicate v1.3.0/go.mod h1:opzv9MetRuMNnuoPeTSWtwzjcXsxQC00/fuWzkPTn4s=
go.yaml.in/yaml/v3 v3.0.5 h1:N6y/pJk8buWs9NY5ERU2HSMfm+IuD/OtfdAnq6kESPw=
go.yaml.in/yaml/v3 v3.0.5/go.mod h1:HVTZu1O7/Vkt2N+BFy8Zza+lnLsABggaTM2ZpNIGuKg=
golang.org/x/crypto v0.56.0 h1:GUh5Ii4J5jtcseSMiRqr1jXCNHoxjeV9Fmekc2oLy6Y=
golang.org/x/crypto v0.56.0/go.mod h1:OMW5y6CY9l38uPLmxU6l6pwcXp1obtLo3e6gT7gQR2I=
golang.org/x/oauth2 v0.36.0 h1:peZ/1z27fi9hUOFCAZaHyrpWG5lwe0RJEEEeH0ThlIs=
golang.org/x/oauth2 v0.36.0/go.mod h1:YDBUJMTkDnJS+A4BP4eZBjCqtokkg1hODuPjwiGPO7Q=
golang.org/x/sys v0.47.0 h1:o7XGOvZQCADBQQ4Y7VNq2dRWQR7JmOUW8Kxx4ZsNgWs=
golang.org/x/sys v0.47.0/go.mod h1:4GL1E5IUh+htKOUEOaiffhrAeqysfVGipDYzABqnCmw=
golang.org/x/text v0.41.0 h1:vz/seA0lnX87Othu2f/0L24RcgrXD9/YFTSuGjj3rH8=
golang.org/x/text v0.41.0/go.mod h1:jvf1O8ajNzZqhSrQBPbutR/EB83Cc0CFrezNQIwbb5M=
gopkg.in/check.v1 v0.0.0-20161208181325-20d25e280405/go.mod h1:Co6ibVJAznAaIkqp8huTwlJQCZ016jof/cbN4VW5Yz0=
gopkg.in/go-jose/go-jose.v2 v2.6.3 h1:nt80fvSDlhKWQgSWyHyy5CfmlQr+asih51R8PTWNKKs=
gopkg.in/go-jose/go-jose.v2 v2.6.3/go.mod h1:zzZDPkNNw/c9IE7Z9jr11mBZQhKQTMzoEEIoEdZlFBI=
gopkg.in/yaml.v3 v3.0.0-20200313102051-9f266ea9e77c/go.mod h1:K4uyk7z7BCEPqu6E+C64Yfv1cQ7kz7rIZviUmN+EgEM=
